// !$*UTF8*$!
{
	archiveVersion = 1;
	classes = {
	};
	objectVersion = 46;
	objects = {

/* Begin PBXBuildFile section */
		44050C000C69E5E768DA14F3 /* Pods_MMRealmCloudTests.framework in Frameworks */ = {isa = PBXBuildFile; fileRef = 1CC8F365C23EFA0463487621 /* Pods_MMRealmCloudTests.framework */; };
		8CAE9B911D08B66E00236ABB /* AppDelegate.swift in Sources */ = {isa = PBXBuildFile; fileRef = 8CAE9B901D08B66E00236ABB /* AppDelegate.swift */; };
		8CAE9B931D08B66E00236ABB /* ViewController.swift in Sources */ = {isa = PBXBuildFile; fileRef = 8CAE9B921D08B66E00236ABB /* ViewController.swift */; };
		8CAE9B961D08B66E00236ABB /* Main.storyboard in Resources */ = {isa = PBXBuildFile; fileRef = 8CAE9B941D08B66E00236ABB /* Main.storyboard */; };
		8CAE9B981D08B66E00236ABB /* Assets.xcassets in Resources */ = {isa = PBXBuildFile; fileRef = 8CAE9B971D08B66E00236ABB /* Assets.xcassets */; };
		8CAE9B9B1D08B66E00236ABB /* LaunchScreen.storyboard in Resources */ = {isa = PBXBuildFile; fileRef = 8CAE9B991D08B66E00236ABB /* LaunchScreen.storyboard */; };
		8CAE9BA61D08B66E00236ABB /* MMRealmCloudTests.swift in Sources */ = {isa = PBXBuildFile; fileRef = 8CAE9BA51D08B66E00236ABB /* MMRealmCloudTests.swift */; };
		8CAE9BBB1D08B71C00236ABB /* AlertOperation.swift in Sources */ = {isa = PBXBuildFile; fileRef = 8CAE9BB01D08B71C00236ABB /* AlertOperation.swift */; };
		8CAE9BBC1D08B71C00236ABB /* Constants.swift in Sources */ = {isa = PBXBuildFile; fileRef = 8CAE9BB11D08B71C00236ABB /* Constants.swift */; };
		8CAE9BBE1D08B71C00236ABB /* FetchCloudChangesOperation.swift in Sources */ = {isa = PBXBuildFile; fileRef = 8CAE9BB31D08B71C00236ABB /* FetchCloudChangesOperation.swift */; };
		8CAE9BBF1D08B71C00236ABB /* Models.swift in Sources */ = {isa = PBXBuildFile; fileRef = 8CAE9BB41D08B71C00236ABB /* Models.swift */; };
		8CAE9BC01D08B71C00236ABB /* Note.swift in Sources */ = {isa = PBXBuildFile; fileRef = 8CAE9BB51D08B71C00236ABB /* Note.swift */; };
		8CAE9BC11D08B71C00236ABB /* NoteCell.swift in Sources */ = {isa = PBXBuildFile; fileRef = 8CAE9BB61D08B71C00236ABB /* NoteCell.swift */; };
		8CAE9BC21D08B71C00236ABB /* PrepareZoneOperation.swift in Sources */ = {isa = PBXBuildFile; fileRef = 8CAE9BB71D08B71C00236ABB /* PrepareZoneOperation.swift */; };
		8CAE9BC31D08B71C00236ABB /* PushLocalChangesOperation.swift in Sources */ = {isa = PBXBuildFile; fileRef = 8CAE9BB81D08B71C00236ABB /* PushLocalChangesOperation.swift */; };
		8CAE9BC41D08B71C00236ABB /* RealmCloud.swift in Sources */ = {isa = PBXBuildFile; fileRef = 8CAE9BB91D08B71C00236ABB /* RealmCloud.swift */; };
		8CAE9BC51D08B71C00236ABB /* SyncOperation.swift in Sources */ = {isa = PBXBuildFile; fileRef = 8CAE9BBA1D08B71C00236ABB /* SyncOperation.swift */; };
		9ACD3B87D3A29F303C23182D /* Pods_MMRealmCloud.framework in Frameworks */ = {isa = PBXBuildFile; fileRef = 1FD4CD2E486D317C960177EA /* Pods_MMRealmCloud.framework */; };
/* End PBXBuildFile section */

/* Begin PBXContainerItemProxy section */
		8CAE9BA21D08B66E00236ABB /* PBXContainerItemProxy */ = {
			isa = PBXContainerItemProxy;
			containerPortal = 8CAE9B851D08B66E00236ABB /* Project object */;
			proxyType = 1;
			remoteGlobalIDString = 8CAE9B8C1D08B66E00236ABB;
			remoteInfo = MMRealmCloud;
		};
/* End PBXContainerItemProxy section */

/* Begin PBXFileReference section */
		13104A8944D29BE287AFB49B /* Pods-MMRealmCloudTests.release.xcconfig */ = {isa = PBXFileReference; includeInIndex = 1; lastKnownFileType = text.xcconfig; name = "Pods-MMRealmCloudTests.release.xcconfig"; path = "Pods/Target Support Files/Pods-MMRealmCloudTests/Pods-MMRealmCloudTests.release.xcconfig"; sourceTree = "<group>"; };
		1CC8F365C23EFA0463487621 /* Pods_MMRealmCloudTests.framework */ = {isa = PBXFileReference; explicitFileType = wrapper.framework; includeInIndex = 0; path = Pods_MMRealmCloudTests.framework; sourceTree = BUILT_PRODUCTS_DIR; };
		1FD4CD2E486D317C960177EA /* Pods_MMRealmCloud.framework */ = {isa = PBXFileReference; explicitFileType = wrapper.framework; includeInIndex = 0; path = Pods_MMRealmCloud.framework; sourceTree = BUILT_PRODUCTS_DIR; };
		491C270602C8CC6455BDDD56 /* Pods-MMRealmCloud.debug.xcconfig */ = {isa = PBXFileReference; includeInIndex = 1; lastKnownFileType = text.xcconfig; name = "Pods-MMRealmCloud.debug.xcconfig"; path = "Pods/Target Support Files/Pods-MMRealmCloud/Pods-MMRealmCloud.debug.xcconfig"; sourceTree = "<group>"; };
		4BBE0ED7F48BACE71062C163 /* Pods-MMRealmCloudTests.debug.xcconfig */ = {isa = PBXFileReference; includeInIndex = 1; lastKnownFileType = text.xcconfig; name = "Pods-MMRealmCloudTests.debug.xcconfig"; path = "Pods/Target Support Files/Pods-MMRealmCloudTests/Pods-MMRealmCloudTests.debug.xcconfig"; sourceTree = "<group>"; };
		775CEDE6E23BD2B9078E4E1F /* Pods-MMRealmCloud.release.xcconfig */ = {isa = PBXFileReference; includeInIndex = 1; lastKnownFileType = text.xcconfig; name = "Pods-MMRealmCloud.release.xcconfig"; path = "Pods/Target Support Files/Pods-MMRealmCloud/Pods-MMRealmCloud.release.xcconfig"; sourceTree = "<group>"; };
		8CAE9B8D1D08B66E00236ABB /* MMRealmCloud.app */ = {isa = PBXFileReference; explicitFileType = wrapper.application; includeInIndex = 0; path = MMRealmCloud.app; sourceTree = BUILT_PRODUCTS_DIR; };
		8CAE9B901D08B66E00236ABB /* AppDelegate.swift */ = {isa = PBXFileReference; lastKnownFileType = sourcecode.swift; path = AppDelegate.swift; sourceTree = "<group>"; };
		8CAE9B921D08B66E00236ABB /* ViewController.swift */ = {isa = PBXFileReference; lastKnownFileType = sourcecode.swift; path = ViewController.swift; sourceTree = "<group>"; };
		8CAE9B951D08B66E00236ABB /* Base */ = {isa = PBXFileReference; lastKnownFileType = file.storyboard; name = Base; path = Base.lproj/Main.storyboard; sourceTree = "<group>"; };
		8CAE9B971D08B66E00236ABB /* Assets.xcassets */ = {isa = PBXFileReference; lastKnownFileType = folder.assetcatalog; path = Assets.xcassets; sourceTree = "<group>"; };
		8CAE9B9A1D08B66E00236ABB /* Base */ = {isa = PBXFileReference; lastKnownFileType = file.storyboard; name = Base; path = Base.lproj/LaunchScreen.storyboard; sourceTree = "<group>"; };
		8CAE9B9C1D08B66E00236ABB /* Info.plist */ = {isa = PBXFileReference; lastKnownFileType = text.plist.xml; path = Info.plist; sourceTree = "<group>"; };
		8CAE9BA11D08B66E00236ABB /* MMRealmCloudTests.xctest */ = {isa = PBXFileReference; explicitFileType = wrapper.cfbundle; includeInIndex = 0; path = MMRealmCloudTests.xctest; sourceTree = BUILT_PRODUCTS_DIR; };
		8CAE9BA51D08B66E00236ABB /* MMRealmCloudTests.swift */ = {isa = PBXFileReference; lastKnownFileType = sourcecode.swift; path = MMRealmCloudTests.swift; sourceTree = "<group>"; };
		8CAE9BA71D08B66E00236ABB /* Info.plist */ = {isa = PBXFileReference; lastKnownFileType = text.plist.xml; path = Info.plist; sourceTree = "<group>"; };
		8CAE9BB01D08B71C00236ABB /* AlertOperation.swift */ = {isa = PBXFileReference; fileEncoding = 4; lastKnownFileType = sourcecode.swift; path = AlertOperation.swift; sourceTree = "<group>"; };
		8CAE9BB11D08B71C00236ABB /* Constants.swift */ = {isa = PBXFileReference; fileEncoding = 4; lastKnownFileType = sourcecode.swift; path = Constants.swift; sourceTree = "<group>"; };
		8CAE9BB31D08B71C00236ABB /* FetchCloudChangesOperation.swift */ = {isa = PBXFileReference; fileEncoding = 4; lastKnownFileType = sourcecode.swift; path = FetchCloudChangesOperation.swift; sourceTree = "<group>"; };
		8CAE9BB41D08B71C00236ABB /* Models.swift */ = {isa = PBXFileReference; fileEncoding = 4; lastKnownFileType = sourcecode.swift; path = Models.swift; sourceTree = "<group>"; };
		8CAE9BB51D08B71C00236ABB /* Note.swift */ = {isa = PBXFileReference; fileEncoding = 4; lastKnownFileType = sourcecode.swift; path = Note.swift; sourceTree = "<group>"; };
		8CAE9BB61D08B71C00236ABB /* NoteCell.swift */ = {isa = PBXFileReference; fileEncoding = 4; lastKnownFileType = sourcecode.swift; path = NoteCell.swift; sourceTree = "<group>"; };
		8CAE9BB71D08B71C00236ABB /* PrepareZoneOperation.swift */ = {isa = PBXFileReference; fileEncoding = 4; lastKnownFileType = sourcecode.swift; path = PrepareZoneOperation.swift; sourceTree = "<group>"; };
		8CAE9BB81D08B71C00236ABB /* PushLocalChangesOperation.swift */ = {isa = PBXFileReference; fileEncoding = 4; lastKnownFileType = sourcecode.swift; path = PushLocalChangesOperation.swift; sourceTree = "<group>"; };
		8CAE9BB91D08B71C00236ABB /* RealmCloud.swift */ = {isa = PBXFileReference; fileEncoding = 4; lastKnownFileType = sourcecode.swift; path = RealmCloud.swift; sourceTree = "<group>"; };
		8CAE9BBA1D08B71C00236ABB /* SyncOperation.swift */ = {isa = PBXFileReference; fileEncoding = 4; lastKnownFileType = sourcecode.swift; path = SyncOperation.swift; sourceTree = "<group>"; };
/* End PBXFileReference section */

/* Begin PBXFrameworksBuildPhase section */
		8CAE9B8A1D08B66E00236ABB /* Frameworks */ = {
			isa = PBXFrameworksBuildPhase;
			buildActionMask = 2147483647;
			files = (
				9ACD3B87D3A29F303C23182D /* Pods_MMRealmCloud.framework in Frameworks */,
			);
			runOnlyForDeploymentPostprocessing = 0;
		};
		8CAE9B9E1D08B66E00236ABB /* Frameworks */ = {
			isa = PBXFrameworksBuildPhase;
			buildActionMask = 2147483647;
			files = (
				44050C000C69E5E768DA14F3 /* Pods_MMRealmCloudTests.framework in Frameworks */,
			);
			runOnlyForDeploymentPostprocessing = 0;
		};
/* End PBXFrameworksBuildPhase section */

/* Begin PBXGroup section */
		35AAEE5F501F63B0F9586958 /* Pods */ = {
			isa = PBXGroup;
			children = (
				491C270602C8CC6455BDDD56 /* Pods-MMRealmCloud.debug.xcconfig */,
				775CEDE6E23BD2B9078E4E1F /* Pods-MMRealmCloud.release.xcconfig */,
				4BBE0ED7F48BACE71062C163 /* Pods-MMRealmCloudTests.debug.xcconfig */,
				13104A8944D29BE287AFB49B /* Pods-MMRealmCloudTests.release.xcconfig */,
			);
			name = Pods;
			sourceTree = "<group>";
		};
		4331C462DDB00EEC1A948534 /* Frameworks */ = {
			isa = PBXGroup;
			children = (
				1FD4CD2E486D317C960177EA /* Pods_MMRealmCloud.framework */,
				1CC8F365C23EFA0463487621 /* Pods_MMRealmCloudTests.framework */,
			);
			name = Frameworks;
			sourceTree = "<group>";
		};
		8CAE9B841D08B66E00236ABB = {
			isa = PBXGroup;
			children = (
				8CAE9B8F1D08B66E00236ABB /* MMRealmCloud */,
				8CAE9BA41D08B66E00236ABB /* MMRealmCloudTests */,
				8CAE9B8E1D08B66E00236ABB /* Products */,
				35AAEE5F501F63B0F9586958 /* Pods */,
				4331C462DDB00EEC1A948534 /* Frameworks */,
			);
			sourceTree = "<group>";
		};
		8CAE9B8E1D08B66E00236ABB /* Products */ = {
			isa = PBXGroup;
			children = (
				8CAE9B8D1D08B66E00236ABB /* MMRealmCloud.app */,
				8CAE9BA11D08B66E00236ABB /* MMRealmCloudTests.xctest */,
			);
			name = Products;
			sourceTree = "<group>";
		};
		8CAE9B8F1D08B66E00236ABB /* MMRealmCloud */ = {
			isa = PBXGroup;
			children = (
				8CAE9BC71D08B74500236ABB /* Example */,
				8CAE9BC61D08B72700236ABB /* Operations */,
				8CAE9BB41D08B71C00236ABB /* Models.swift */,
				8CAE9BB91D08B71C00236ABB /* RealmCloud.swift */,
			);
			path = MMRealmCloud;
			sourceTree = "<group>";
		};
		8CAE9BA41D08B66E00236ABB /* MMRealmCloudTests */ = {
			isa = PBXGroup;
			children = (
				8CAE9BA51D08B66E00236ABB /* MMRealmCloudTests.swift */,
				8CAE9BA71D08B66E00236ABB /* Info.plist */,
			);
			path = MMRealmCloudTests;
			sourceTree = "<group>";
		};
		8CAE9BC61D08B72700236ABB /* Operations */ = {
			isa = PBXGroup;
			children = (
				8CAE9BBA1D08B71C00236ABB /* SyncOperation.swift */,
				8CAE9BB71D08B71C00236ABB /* PrepareZoneOperation.swift */,
				8CAE9BB31D08B71C00236ABB /* FetchCloudChangesOperation.swift */,
				8CAE9BB81D08B71C00236ABB /* PushLocalChangesOperation.swift */,
				8CAE9BB01D08B71C00236ABB /* AlertOperation.swift */,
			);
			name = Operations;
			sourceTree = "<group>";
		};
		8CAE9BC71D08B74500236ABB /* Example */ = {
			isa = PBXGroup;
			children = (
				8CAE9BB11D08B71C00236ABB /* Constants.swift */,
				8CAE9BB51D08B71C00236ABB /* Note.swift */,
				8CAE9BB61D08B71C00236ABB /* NoteCell.swift */,
				8CAE9B921D08B66E00236ABB /* ViewController.swift */,
				8CAE9B901D08B66E00236ABB /* AppDelegate.swift */,
				8CAE9B941D08B66E00236ABB /* Main.storyboard */,
				8CAE9B971D08B66E00236ABB /* Assets.xcassets */,
				8CAE9B991D08B66E00236ABB /* LaunchScreen.storyboard */,
				8CAE9B9C1D08B66E00236ABB /* Info.plist */,
			);
			name = Example;
			sourceTree = "<group>";
		};
/* End PBXGroup section */

/* Begin PBXNativeTarget section */
		8CAE9B8C1D08B66E00236ABB /* MMRealmCloud */ = {
			isa = PBXNativeTarget;
			buildConfigurationList = 8CAE9BAA1D08B66E00236ABB /* Build configuration list for PBXNativeTarget "MMRealmCloud" */;
			buildPhases = (
				29E042A41AC2FE0FF6F315DD /* [CP] Check Pods Manifest.lock */,
				8CAE9B891D08B66E00236ABB /* Sources */,
				8CAE9B8A1D08B66E00236ABB /* Frameworks */,
				8CAE9B8B1D08B66E00236ABB /* Resources */,
				7471991B255A49E31C2C1142 /* [CP] Embed Pods Frameworks */,
				E364D2E9900BB5BF3335888E /* [CP] Copy Pods Resources */,
			);
			buildRules = (
			);
			dependencies = (
			);
			name = MMRealmCloud;
			productName = MMRealmCloud;
			productReference = 8CAE9B8D1D08B66E00236ABB /* MMRealmCloud.app */;
			productType = "com.apple.product-type.application";
		};
		8CAE9BA01D08B66E00236ABB /* MMRealmCloudTests */ = {
			isa = PBXNativeTarget;
			buildConfigurationList = 8CAE9BAD1D08B66E00236ABB /* Build configuration list for PBXNativeTarget "MMRealmCloudTests" */;
			buildPhases = (
				1CB93B7AB3B0326E653D61A3 /* [CP] Check Pods Manifest.lock */,
				8CAE9B9D1D08B66E00236ABB /* Sources */,
				8CAE9B9E1D08B66E00236ABB /* Frameworks */,
				8CAE9B9F1D08B66E00236ABB /* Resources */,
				AFEF498CA6EF00E3D9DF6B8B /* [CP] Embed Pods Frameworks */,
				61BC068F70C760FD5167410F /* [CP] Copy Pods Resources */,
			);
			buildRules = (
			);
			dependencies = (
				8CAE9BA31D08B66E00236ABB /* PBXTargetDependency */,
			);
			name = MMRealmCloudTests;
			productName = MMRealmCloudTests;
			productReference = 8CAE9BA11D08B66E00236ABB /* MMRealmCloudTests.xctest */;
			productType = "com.apple.product-type.bundle.unit-test";
		};
/* End PBXNativeTarget section */

/* Begin PBXProject section */
		8CAE9B851D08B66E00236ABB /* Project object */ = {
			isa = PBXProject;
			attributes = {
				LastSwiftUpdateCheck = 0730;
				LastUpgradeCheck = 0730;
				ORGANIZATIONNAME = "Mike Mac";
				TargetAttributes = {
					8CAE9B8C1D08B66E00236ABB = {
						CreatedOnToolsVersion = 7.3.1;
					};
					8CAE9BA01D08B66E00236ABB = {
						CreatedOnToolsVersion = 7.3.1;
						TestTargetID = 8CAE9B8C1D08B66E00236ABB;
					};
				};
			};
			buildConfigurationList = 8CAE9B881D08B66E00236ABB /* Build configuration list for PBXProject "MMRealmCloud" */;
			compatibilityVersion = "Xcode 3.2";
			developmentRegion = English;
			hasScannedForEncodings = 0;
			knownRegions = (
				en,
				Base,
			);
			mainGroup = 8CAE9B841D08B66E00236ABB;
			productRefGroup = 8CAE9B8E1D08B66E00236ABB /* Products */;
			projectDirPath = "";
			projectRoot = "";
			targets = (
				8CAE9B8C1D08B66E00236ABB /* MMRealmCloud */,
				8CAE9BA01D08B66E00236ABB /* MMRealmCloudTests */,
			);
		};
/* End PBXProject section */

/* Begin PBXResourcesBuildPhase section */
		8CAE9B8B1D08B66E00236ABB /* Resources */ = {
			isa = PBXResourcesBuildPhase;
			buildActionMask = 2147483647;
			files = (
				8CAE9B9B1D08B66E00236ABB /* LaunchScreen.storyboard in Resources */,
				8CAE9B981D08B66E00236ABB /* Assets.xcassets in Resources */,
				8CAE9B961D08B66E00236ABB /* Main.storyboard in Resources */,
			);
			runOnlyForDeploymentPostprocessing = 0;
		};
		8CAE9B9F1D08B66E00236ABB /* Resources */ = {
			isa = PBXResourcesBuildPhase;
			buildActionMask = 2147483647;
			files = (
			);
			runOnlyForDeploymentPostprocessing = 0;
		};
/* End PBXResourcesBuildPhase section */

/* Begin PBXShellScriptBuildPhase section */
		1CB93B7AB3B0326E653D61A3 /* [CP] Check Pods Manifest.lock */ = {
			isa = PBXShellScriptBuildPhase;
			buildActionMask = 2147483647;
			files = (
			);
			inputPaths = (
			);
			name = "[CP] Check Pods Manifest.lock";
			outputPaths = (
			);
			runOnlyForDeploymentPostprocessing = 0;
			shellPath = /bin/sh;
			shellScript = "diff \"${PODS_ROOT}/../Podfile.lock\" \"${PODS_ROOT}/Manifest.lock\" > /dev/null\nif [[ $? != 0 ]] ; then\n    cat << EOM\nerror: The sandbox is not in sync with the Podfile.lock. Run 'pod install' or update your CocoaPods installation.\nEOM\n    exit 1\nfi\n";
			showEnvVarsInLog = 0;
		};
		29E042A41AC2FE0FF6F315DD /* [CP] Check Pods Manifest.lock */ = {
			isa = PBXShellScriptBuildPhase;
			buildActionMask = 2147483647;
			files = (
			);
			inputPaths = (
			);
			name = "[CP] Check Pods Manifest.lock";
			outputPaths = (
			);
			runOnlyForDeploymentPostprocessing = 0;
			shellPath = /bin/sh;
			shellScript = "diff \"${PODS_ROOT}/../Podfile.lock\" \"${PODS_ROOT}/Manifest.lock\" > /dev/null\nif [[ $? != 0 ]] ; then\n    cat << EOM\nerror: The sandbox is not in sync with the Podfile.lock. Run 'pod install' or update your CocoaPods installation.\nEOM\n    exit 1\nfi\n";
			showEnvVarsInLog = 0;
		};
		61BC068F70C760FD5167410F /* [CP] Copy Pods Resources */ = {
			isa = PBXShellScriptBuildPhase;
			buildActionMask = 2147483647;
			files = (
			);
			inputPaths = (
			);
			name = "[CP] Copy Pods Resources";
			outputPaths = (
			);
			runOnlyForDeploymentPostprocessing = 0;
			shellPath = /bin/sh;
			shellScript = "\"${SRCROOT}/Pods/Target Support Files/Pods-MMRealmCloudTests/Pods-MMRealmCloudTests-resources.sh\"\n";
			showEnvVarsInLog = 0;
		};
		7471991B255A49E31C2C1142 /* [CP] Embed Pods Frameworks */ = {
			isa = PBXShellScriptBuildPhase;
			buildActionMask = 2147483647;
			files = (
			);
			inputPaths = (
			);
			name = "[CP] Embed Pods Frameworks";
			outputPaths = (
			);
			runOnlyForDeploymentPostprocessing = 0;
			shellPath = /bin/sh;
			shellScript = "\"${SRCROOT}/Pods/Target Support Files/Pods-MMRealmCloud/Pods-MMRealmCloud-frameworks.sh\"\n";
			showEnvVarsInLog = 0;
		};
		AFEF498CA6EF00E3D9DF6B8B /* [CP] Embed Pods Frameworks */ = {
			isa = PBXShellScriptBuildPhase;
			buildActionMask = 2147483647;
			files = (
			);
			inputPaths = (
			);
			name = "[CP] Embed Pods Frameworks";
			outputPaths = (
			);
			runOnlyForDeploymentPostprocessing = 0;
			shellPath = /bin/sh;
			shellScript = "\"${SRCROOT}/Pods/Target Support Files/Pods-MMRealmCloudTests/Pods-MMRealmCloudTests-frameworks.sh\"\n";
			showEnvVarsInLog = 0;
		};
		E364D2E9900BB5BF3335888E /* [CP] Copy Pods Resources */ = {
			isa = PBXShellScriptBuildPhase;
			buildActionMask = 2147483647;
			files = (
			);
			inputPaths = (
			);
			name = "[CP] Copy Pods Resources";
			outputPaths = (
			);
			runOnlyForDeploymentPostprocessing = 0;
			shellPath = /bin/sh;
			shellScript = "\"${SRCROOT}/Pods/Target Support Files/Pods-MMRealmCloud/Pods-MMRealmCloud-resources.sh\"\n";
			showEnvVarsInLog = 0;
		};
/* End PBXShellScriptBuildPhase section */

/* Begin PBXSourcesBuildPhase section */
		8CAE9B891D08B66E00236ABB /* Sources */ = {
			isa = PBXSourcesBuildPhase;
			buildActionMask = 2147483647;
			files = (
				8CAE9BC51D08B71C00236ABB /* SyncOperation.swift in Sources */,
				8CAE9BC21D08B71C00236ABB /* PrepareZoneOperation.swift in Sources */,
				8CAE9B931D08B66E00236ABB /* ViewController.swift in Sources */,
				8CAE9BBE1D08B71C00236ABB /* FetchCloudChangesOperation.swift in Sources */,
				8CAE9BC31D08B71C00236ABB /* PushLocalChangesOperation.swift in Sources */,
				8CAE9BC01D08B71C00236ABB /* Note.swift in Sources */,
				8CAE9B911D08B66E00236ABB /* AppDelegate.swift in Sources */,
				8CAE9BC41D08B71C00236ABB /* RealmCloud.swift in Sources */,
				8CAE9BBB1D08B71C00236ABB /* AlertOperation.swift in Sources */,
				8CAE9BC11D08B71C00236ABB /* NoteCell.swift in Sources */,
				8CAE9BBC1D08B71C00236ABB /* Constants.swift in Sources */,
				8CAE9BBF1D08B71C00236ABB /* Models.swift in Sources */,
			);
			runOnlyForDeploymentPostprocessing = 0;
		};
		8CAE9B9D1D08B66E00236ABB /* Sources */ = {
			isa = PBXSourcesBuildPhase;
			buildActionMask = 2147483647;
			files = (
				8CAE9BA61D08B66E00236ABB /* MMRealmCloudTests.swift in Sources */,
			);
			runOnlyForDeploymentPostprocessing = 0;
		};
/* End PBXSourcesBuildPhase section */

/* Begin PBXTargetDependency section */
		8CAE9BA31D08B66E00236ABB /* PBXTargetDependency */ = {
			isa = PBXTargetDependency;
			target = 8CAE9B8C1D08B66E00236ABB /* MMRealmCloud */;
			targetProxy = 8CAE9BA21D08B66E00236ABB /* PBXContainerItemProxy */;
		};
/* End PBXTargetDependency section */

/* Begin PBXVariantGroup section */
		8CAE9B941D08B66E00236ABB /* Main.storyboard */ = {
			isa = PBXVariantGroup;
			children = (
				8CAE9B951D08B66E00236ABB /* Base */,
			);
			name = Main.storyboard;
			sourceTree = "<group>";
		};
		8CAE9B991D08B66E00236ABB /* LaunchScreen.storyboard */ = {
			isa = PBXVariantGroup;
			children = (
				8CAE9B9A1D08B66E00236ABB /* Base */,
			);
			name = LaunchScreen.storyboard;
			sourceTree = "<group>";
		};
/* End PBXVariantGroup section */

/* Begin XCBuildConfiguration section */
		8CAE9BA81D08B66E00236ABB /* Debug */ = {
			isa = XCBuildConfiguration;
			buildSettings = {
				ALWAYS_SEARCH_USER_PATHS = NO;
				CLANG_ANALYZER_NONNULL = YES;
				CLANG_CXX_LANGUAGE_STANDARD = "gnu++0x";
				CLANG_CXX_LIBRARY = "libc++";
				CLANG_ENABLE_MODULES = YES;
				CLANG_ENABLE_OBJC_ARC = YES;
				CLANG_WARN_BOOL_CONVERSION = YES;
				CLANG_WARN_CONSTANT_CONVERSION = YES;
				CLANG_WARN_DIRECT_OBJC_ISA_USAGE = YES_ERROR;
				CLANG_WARN_EMPTY_BODY = YES;
				CLANG_WARN_ENUM_CONVERSION = YES;
				CLANG_WARN_INT_CONVERSION = YES;
				CLANG_WARN_OBJC_ROOT_CLASS = YES_ERROR;
				CLANG_WARN_UNREACHABLE_CODE = YES;
				CLANG_WARN__DUPLICATE_METHOD_MATCH = YES;
				"CODE_SIGN_IDENTITY[sdk=iphoneos*]" = "iPhone Developer";
				COPY_PHASE_STRIP = NO;
				DEBUG_INFORMATION_FORMAT = dwarf;
				ENABLE_STRICT_OBJC_MSGSEND = YES;
				ENABLE_TESTABILITY = YES;
				GCC_C_LANGUAGE_STANDARD = gnu99;
				GCC_DYNAMIC_NO_PIC = NO;
				GCC_NO_COMMON_BLOCKS = YES;
				GCC_OPTIMIZATION_LEVEL = 0;
				GCC_PREPROCESSOR_DEFINITIONS = (
					"DEBUG=1",
					"$(inherited)",
				);
				GCC_WARN_64_TO_32_BIT_CONVERSION = YES;
				GCC_WARN_ABOUT_RETURN_TYPE = YES_ERROR;
				GCC_WARN_UNDECLARED_SELECTOR = YES;
				GCC_WARN_UNINITIALIZED_AUTOS = YES_AGGRESSIVE;
				GCC_WARN_UNUSED_FUNCTION = YES;
				GCC_WARN_UNUSED_VARIABLE = YES;
				IPHONEOS_DEPLOYMENT_TARGET = 9.3;
				MTL_ENABLE_DEBUG_INFO = YES;
				ONLY_ACTIVE_ARCH = YES;
				SDKROOT = iphoneos;
				SWIFT_OPTIMIZATION_LEVEL = "-Onone";
				TARGETED_DEVICE_FAMILY = "1,2";
			};
			name = Debug;
		};
		8CAE9BA91D08B66E00236ABB /* Release */ = {
			isa = XCBuildConfiguration;
			buildSettings = {
				ALWAYS_SEARCH_USER_PATHS = NO;
				CLANG_ANALYZER_NONNULL = YES;
				CLANG_CXX_LANGUAGE_STANDARD = "gnu++0x";
				CLANG_CXX_LIBRARY = "libc++";
				CLANG_ENABLE_MODULES = YES;
				CLANG_ENABLE_OBJC_ARC = YES;
				CLANG_WARN_BOOL_CONVERSION = YES;
				CLANG_WARN_CONSTANT_CONVERSION = YES;
				CLANG_WARN_DIRECT_OBJC_ISA_USAGE = YES_ERROR;
				CLANG_WARN_EMPTY_BODY = YES;
				CLANG_WARN_ENUM_CONVERSION = YES;
				CLANG_WARN_INT_CONVERSION = YES;
				CLANG_WARN_OBJC_ROOT_CLASS = YES_ERROR;
				CLANG_WARN_UNREACHABLE_CODE = YES;
				CLANG_WARN__DUPLICATE_METHOD_MATCH = YES;
				"CODE_SIGN_IDENTITY[sdk=iphoneos*]" = "iPhone Developer";
				COPY_PHASE_STRIP = NO;
				DEBUG_INFORMATION_FORMAT = "dwarf-with-dsym";
				ENABLE_NS_ASSERTIONS = NO;
				ENABLE_STRICT_OBJC_MSGSEND = YES;
				GCC_C_LANGUAGE_STANDARD = gnu99;
				GCC_NO_COMMON_BLOCKS = YES;
				GCC_WARN_64_TO_32_BIT_CONVERSION = YES;
				GCC_WARN_ABOUT_RETURN_TYPE = YES_ERROR;
				GCC_WARN_UNDECLARED_SELECTOR = YES;
				GCC_WARN_UNINITIALIZED_AUTOS = YES_AGGRESSIVE;
				GCC_WARN_UNUSED_FUNCTION = YES;
				GCC_WARN_UNUSED_VARIABLE = YES;
				IPHONEOS_DEPLOYMENT_TARGET = 9.3;
				MTL_ENABLE_DEBUG_INFO = NO;
				SDKROOT = iphoneos;
				TARGETED_DEVICE_FAMILY = "1,2";
				VALIDATE_PRODUCT = YES;
			};
			name = Release;
		};
		8CAE9BAB1D08B66E00236ABB /* Debug */ = {
			isa = XCBuildConfiguration;
			baseConfigurationReference = 491C270602C8CC6455BDDD56 /* Pods-MMRealmCloud.debug.xcconfig */;
			buildSettings = {
				ASSETCATALOG_COMPILER_APPICON_NAME = AppIcon;
				INFOPLIST_FILE = MMRealmCloud/Info.plist;
				LD_RUNPATH_SEARCH_PATHS = "$(inherited) @executable_path/Frameworks";
				PRODUCT_BUNDLE_IDENTIFIER = com.mmrealmcloud.MMRealmCloud;
				PRODUCT_NAME = "$(TARGET_NAME)";
			};
			name = Debug;
		};
		8CAE9BAC1D08B66E00236ABB /* Release */ = {
			isa = XCBuildConfiguration;
			baseConfigurationReference = 775CEDE6E23BD2B9078E4E1F /* Pods-MMRealmCloud.release.xcconfig */;
			buildSettings = {
				ASSETCATALOG_COMPILER_APPICON_NAME = AppIcon;
				INFOPLIST_FILE = MMRealmCloud/Info.plist;
				LD_RUNPATH_SEARCH_PATHS = "$(inherited) @executable_path/Frameworks";
				PRODUCT_BUNDLE_IDENTIFIER = com.mmrealmcloud.MMRealmCloud;
				PRODUCT_NAME = "$(TARGET_NAME)";
			};
			name = Release;
		};
		8CAE9BAE1D08B66E00236ABB /* Debug */ = {
			isa = XCBuildConfiguration;
			baseConfigurationReference = 4BBE0ED7F48BACE71062C163 /* Pods-MMRealmCloudTests.debug.xcconfig */;
			buildSettings = {
				BUNDLE_LOADER = "$(TEST_HOST)";
				INFOPLIST_FILE = MMRealmCloudTests/Info.plist;
				LD_RUNPATH_SEARCH_PATHS = "$(inherited) @executable_path/Frameworks @loader_path/Frameworks";
				PRODUCT_BUNDLE_IDENTIFIER = com.mmrealmcloud.MMRealmCloudTests;
				PRODUCT_NAME = "$(TARGET_NAME)";
				TEST_HOST = "$(BUILT_PRODUCTS_DIR)/MMRealmCloud.app/MMRealmCloud";
			};
			name = Debug;
		};
		8CAE9BAF1D08B66E00236ABB /* Release */ = {
			isa = XCBuildConfiguration;
			baseConfigurationReference = 13104A8944D29BE287AFB49B /* Pods-MMRealmCloudTests.release.xcconfig */;
			buildSettings = {
				BUNDLE_LOADER = "$(TEST_HOST)";
				INFOPLIST_FILE = MMRealmCloudTests/Info.plist;
				LD_RUNPATH_SEARCH_PATHS = "$(inherited) @executable_path/Frameworks @loader_path/Frameworks";
				PRODUCT_BUNDLE_IDENTIFIER = com.mmrealmcloud.MMRealmCloudTests;
				PRODUCT_NAME = "$(TARGET_NAME)";
				TEST_HOST = "$(BUILT_PRODUCTS_DIR)/MMRealmCloud.app/MMRealmCloud";
			};
			name = Release;
		};
/* End XCBuildConfiguration section */

/* Begin XCConfigurationList section */
		8CAE9B881D08B66E00236ABB /* Build configuration list for PBXProject "MMRealmCloud" */ = {
			isa = XCConfigurationList;
			buildConfigurations = (
				8CAE9BA81D08B66E00236ABB /* Debug */,
				8CAE9BA91D08B66E00236ABB /* Release */,
			);
			defaultConfigurationIsVisible = 0;
			defaultConfigurationName = Release;
		};
		8CAE9BAA1D08B66E00236ABB /* Build configuration list for PBXNativeTarget "MMRealmCloud" */ = {
			isa = XCConfigurationList;
			buildConfigurations = (
				8CAE9BAB1D08B66E00236ABB /* Debug */,
				8CAE9BAC1D08B66E00236ABB /* Release */,
			);
			defaultConfigurationIsVisible = 0;
			defaultConfigurationName = Release;
		};
		8CAE9BAD1D08B66E00236ABB /* Build configuration list for PBXNativeTarget "MMRealmCloudTests" */ = {
			isa = XCConfigurationList;
			buildConfigurations = (
				8CAE9BAE1D08B66E00236ABB /* Debug */,
				8CAE9BAF1D08B66E00236ABB /* Release */,
			);
			defaultConfigurationIsVisible = 0;
			defaultConfigurationName = Release;
		};
/* End XCConfigurationList section */
	};
	rootObject = 8CAE9B851D08B66E00236ABB /* Project object */;
}
